
Microsoft Visual Studio Solution File, Format Version 12.00
# Visual Studio Version 17
VisualStudioVersion = 17.13.35825.156 d17.13
MinimumVisualStudioVersion = 10.0.40219.1
Project("{FAE04EC0-301F-11D3-BF4B-00C04F79EFBC}") = "Client", "Client\Client.csproj", "{3EFBCE3B-A41B-4C21-AC1F-97D91BCDD79F}"
EndProject
Project("{FAE04EC0-301F-11D3-BF4B-00C04F79EFBC}") = "Server", "Server\Server.csproj", "{6FB063A1-C2F4-4718-B9D5-5657066734F2}"
EndProject
Global
	GlobalSection(SolutionConfigurationPlatforms) = preSolution
		Debug|Any CPU = Debug|Any CPU
		Release|Any CPU = Release|Any CPU
	EndGlobalSection
	GlobalSection(ProjectConfigurationPlatforms) = postSolution
		{3EFBCE3B-A41B-4C21-AC1F-97D91BCDD79F}.Debug|Any CPU.ActiveCfg = Debug|Any CPU
		{3EFBCE3B-A41B-4C21-AC1F-97D91BCDD79F}.Debug|Any CPU.Build.0 = Debug|Any CPU
		{3EFBCE3B-A41B-4C21-AC1F-97D91BCDD79F}.Release|Any CPU.ActiveCfg = Release|Any CPU
		{3EFBCE3B-A41B-4C21-AC1F-97D91BCDD79F}.Release|Any CPU.Build.0 = Release|Any CPU
		{6FB063A1-C2F4-4718-B9D5-5657066734F2}.Debug|Any CPU.ActiveCfg = Debug|Any CPU
		{6FB063A1-C2F4-4718-B9D5-5657066734F2}.Debug|Any CPU.Build.0 = Debug|Any CPU
		{6FB063A1-C2F4-4718-B9D5-5657066734F2}.Release|Any CPU.ActiveCfg = Release|Any CPU
		{6FB063A1-C2F4-4718-B9D5-5657066734F2}.Release|Any CPU.Build.0 = Release|Any CPU
	EndGlobalSection
	GlobalSection(SolutionProperties) = preSolution
		HideSolutionNode = FALSE
	EndGlobalSection
	GlobalSection(ExtensibilityGlobals) = postSolution
		SolutionGuid = {734238AC-C135-40C0-BC44-C0916ED14264}
	EndGlobalSection
EndGlobal
